{
  "requires": true,
  "lockfileVersion": 1,
  "dependencies": {
    "jsmidgen": {
      "version": "0.1.5",
      "resolved": "https://registry.npmjs.org/jsmidgen/-/jsmidgen-0.1.5.tgz",
      "integrity": "sha1-rQr9Y3XrEvUQZAJTk847rsOAWF0="
    },
    "scribbletune": {
      "version": "0.10.1",
      "resolved": "https://registry.npmjs.org/scribbletune/-/scribbletune-0.10.1.tgz",
      "integrity": "sha1-CCpDsa38JiUV1MtTzO6VgETDnMo=",
      "requires": {
        "jsmidgen": "0.1.5"
      }
    }
  }
}
